
Microsoft Visual Studio Solution File, Format Version 12.00
# Visual Studio Version 16
VisualStudioVersion = 16.0.30114.105
MinimumVisualStudioVersion = 10.0.40219.1
Project("{FAE04EC0-301F-11D3-BF4B-00C04F79EFBC}") = "PrimeService", "PrimeService\PrimeService.csproj", "{D4BC09F3-6B26-476F-99EF-1C6F85B48507}"
EndProject
Project("{FAE04EC0-301F-11D3-BF4B-00C04F79EFBC}") = "PrimeService.Tests", "PrimeService.Tests\PrimeService.Tests.csproj", "{5A604AE1-DB54-4251-B9DC-64F19022FAEA}"
EndProject
Global
	GlobalSection(SolutionConfigurationPlatforms) = preSolution
		Debug|Any CPU = Debug|Any CPU
		Release|Any CPU = Release|Any CPU
	EndGlobalSection
	GlobalSection(SolutionProperties) = preSolution
		HideSolutionNode = FALSE
	EndGlobalSection
	GlobalSection(ProjectConfigurationPlatforms) = postSolution
		{D4BC09F3-6B26-476F-99EF-1C6F85B48507}.Debug|Any CPU.ActiveCfg = Debug|Any CPU
		{D4BC09F3-6B26-476F-99EF-1C6F85B48507}.Debug|Any CPU.Build.0 = Debug|Any CPU
		{D4BC09F3-6B26-476F-99EF-1C6F85B48507}.Release|Any CPU.ActiveCfg = Release|Any CPU
		{D4BC09F3-6B26-476F-99EF-1C6F85B48507}.Release|Any CPU.Build.0 = Release|Any CPU
		{5A604AE1-DB54-4251-B9DC-64F19022FAEA}.Debug|Any CPU.ActiveCfg = Debug|Any CPU
		{5A604AE1-DB54-4251-B9DC-64F19022FAEA}.Debug|Any CPU.Build.0 = Debug|Any CPU
		{5A604AE1-DB54-4251-B9DC-64F19022FAEA}.Release|Any CPU.ActiveCfg = Release|Any CPU
		{5A604AE1-DB54-4251-B9DC-64F19022FAEA}.Release|Any CPU.Build.0 = Release|Any CPU
	EndGlobalSection
EndGlobal
